// !$*UTF8*$!
{
	archiveVersion = 1;
	classes = {
	};
	objectVersion = 55;
	objects = {

/* Begin PBXBuildFile section */
		1E520B722954DB5D0084F77E /* pictureIntake-ViewModel.swift in Sources */ = {isa = PBXBuildFile; fileRef = 1E520B712954DB5D0084F77E /* pictureIntake-ViewModel.swift */; };
		1E520B74295625A50084F77E /* finalImageModalView.swift in Sources */ = {isa = PBXBuildFile; fileRef = 1E520B73295625A50084F77E /* finalImageModalView.swift */; };
		1E520B7629562CFF0084F77E /* finalPhotoSubView.swift in Sources */ = {isa = PBXBuildFile; fileRef = 1E520B7529562CFF0084F77E /* finalPhotoSubView.swift */; };
		1E520B7929565C250084F77E /* mimic.swift in Sources */ = {isa = PBXBuildFile; fileRef = 1E520B7829565C250084F77E /* mimic.swift */; };
		1E520B7F298ACB170084F77E /* backgroundPaletteSubView.swift in Sources */ = {isa = PBXBuildFile; fileRef = 1E520B7E298ACB170084F77E /* backgroundPaletteSubView.swift */; };
		1E520B89299D555A0084F77E /* progressTrackerSubView.swift in Sources */ = {isa = PBXBuildFile; fileRef = 1E520B88299D55590084F77E /* progressTrackerSubView.swift */; };
		1E6EF7EE292C779D00A6C84A /* PaletteMimicApp.swift in Sources */ = {isa = PBXBuildFile; fileRef = 1E6EF7ED292C779D00A6C84A /* PaletteMimicApp.swift */; };
		1E6EF7F2292C779F00A6C84A /* Assets.xcassets in Resources */ = {isa = PBXBuildFile; fileRef = 1E6EF7F1292C779F00A6C84A /* Assets.xcassets */; };
		1E6EF7F5292C779F00A6C84A /* Preview Assets.xcassets in Resources */ = {isa = PBXBuildFile; fileRef = 1E6EF7F4292C779F00A6C84A /* Preview Assets.xcassets */; };
		1E6EF7FD292C780800A6C84A /* mom-view.swift in Sources */ = {isa = PBXBuildFile; fileRef = 1E6EF7FC292C780800A6C84A /* mom-view.swift */; };
		1E6EF7FF292C784700A6C84A /* view-router.swift in Sources */ = {isa = PBXBuildFile; fileRef = 1E6EF7FE292C784700A6C84A /* view-router.swift */; };
		1E6EF801292C787600A6C84A /* view-router-helper.swift in Sources */ = {isa = PBXBuildFile; fileRef = 1E6EF800292C787600A6C84A /* view-router-helper.swift */; };
		1E6EF804292C791E00A6C84A /* pictureIntakeView.swift in Sources */ = {isa = PBXBuildFile; fileRef = 1E6EF803292C791E00A6C84A /* pictureIntakeView.swift */; };
		1E6EF808292C7E6C00A6C84A /* introModalView.swift in Sources */ = {isa = PBXBuildFile; fileRef = 1E6EF807292C7E6C00A6C84A /* introModalView.swift */; };
		1E6EF80A292C847A00A6C84A /* ImagePickerView.swift in Sources */ = {isa = PBXBuildFile; fileRef = 1E6EF809292C847A00A6C84A /* ImagePickerView.swift */; };
		1E6EF80C292C8E0100A6C84A /* coordinator.swift in Sources */ = {isa = PBXBuildFile; fileRef = 1E6EF80B292C8E0100A6C84A /* coordinator.swift */; };
		1E7617D9292DC3CA00B930C4 /* selectedPhotoSubView.swift in Sources */ = {isa = PBXBuildFile; fileRef = 1E7617D8292DC3CA00B930C4 /* selectedPhotoSubView.swift */; };
/* End PBXBuildFile section */

/* Begin PBXFileReference section */
		1E520B712954DB5D0084F77E /* pictureIntake-ViewModel.swift */ = {isa = PBXFileReference; lastKnownFileType = sourcecode.swift; path = "pictureIntake-ViewModel.swift"; sourceTree = "<group>"; };
		1E520B73295625A50084F77E /* finalImageModalView.swift */ = {isa = PBXFileReference; lastKnownFileType = sourcecode.swift; path = finalImageModalView.swift; sourceTree = "<group>"; };
		1E520B7529562CFF0084F77E /* finalPhotoSubView.swift */ = {isa = PBXFileReference; lastKnownFileType = sourcecode.swift; path = finalPhotoSubView.swift; sourceTree = "<group>"; };
		1E520B7829565C250084F77E /* mimic.swift */ = {isa = PBXFileReference; lastKnownFileType = sourcecode.swift; path = mimic.swift; sourceTree = "<group>"; };
		1E520B7E298ACB170084F77E /* backgroundPaletteSubView.swift */ = {isa = PBXFileReference; lastKnownFileType = sourcecode.swift; path = backgroundPaletteSubView.swift; sourceTree = "<group>"; };
		1E520B88299D55590084F77E /* progressTrackerSubView.swift */ = {isa = PBXFileReference; lastKnownFileType = sourcecode.swift; path = progressTrackerSubView.swift; sourceTree = "<group>"; };
		1E6EF7EA292C779D00A6C84A /* PaletteMimic.app */ = {isa = PBXFileReference; explicitFileType = wrapper.application; includeInIndex = 0; path = PaletteMimic.app; sourceTree = BUILT_PRODUCTS_DIR; };
		1E6EF7ED292C779D00A6C84A /* PaletteMimicApp.swift */ = {isa = PBXFileReference; lastKnownFileType = sourcecode.swift; path = PaletteMimicApp.swift; sourceTree = "<group>"; };
		1E6EF7F1292C779F00A6C84A /* Assets.xcassets */ = {isa = PBXFileReference; lastKnownFileType = folder.assetcatalog; path = Assets.xcassets; sourceTree = "<group>"; };
		1E6EF7F4292C779F00A6C84A /* Preview Assets.xcassets */ = {isa = PBXFileReference; lastKnownFileType = folder.assetcatalog; path = "Preview Assets.xcassets"; sourceTree = "<group>"; };
		1E6EF7FC292C780800A6C84A /* mom-view.swift */ = {isa = PBXFileReference; lastKnownFileType = sourcecode.swift; path = "mom-view.swift"; sourceTree = "<group>"; };
		1E6EF7FE292C784700A6C84A /* view-router.swift */ = {isa = PBXFileReference; lastKnownFileType = sourcecode.swift; path = "view-router.swift"; sourceTree = "<group>"; };
		1E6EF800292C787600A6C84A /* view-router-helper.swift */ = {isa = PBXFileReference; lastKnownFileType = sourcecode.swift; path = "view-router-helper.swift"; sourceTree = "<group>"; };
		1E6EF803292C791E00A6C84A /* pictureIntakeView.swift */ = {isa = PBXFileReference; lastKnownFileType = sourcecode.swift; path = pictureIntakeView.swift; sourceTree = "<group>"; };
		1E6EF807292C7E6C00A6C84A /* introModalView.swift */ = {isa = PBXFileReference; lastKnownFileType = sourcecode.swift; path = introModalView.swift; sourceTree = "<group>"; };
		1E6EF809292C847A00A6C84A /* ImagePickerView.swift */ = {isa = PBXFileReference; lastKnownFileType = sourcecode.swift; path = ImagePickerView.swift; sourceTree = "<group>"; };
		1E6EF80B292C8E0100A6C84A /* coordinator.swift */ = {isa = PBXFileReference; lastKnownFileType = sourcecode.swift; path = coordinator.swift; sourceTree = "<group>"; };
		1E7617D8292DC3CA00B930C4 /* selectedPhotoSubView.swift */ = {isa = PBXFileReference; lastKnownFileType = sourcecode.swift; path = selectedPhotoSubView.swift; sourceTree = "<group>"; };
/* End PBXFileReference section */

/* Begin PBXFrameworksBuildPhase section */
		1E6EF7E7292C779D00A6C84A /* Frameworks */ = {
			isa = PBXFrameworksBuildPhase;
			buildActionMask = 2147483647;
			files = (
			);
			runOnlyForDeploymentPostprocessing = 0;
		};
/* End PBXFrameworksBuildPhase section */

/* Begin PBXGroup section */
		1E520B702954DB0F0084F77E /* ViewModels */ = {
			isa = PBXGroup;
			children = (
				1E520B712954DB5D0084F77E /* pictureIntake-ViewModel.swift */,
			);
			path = ViewModels;
			sourceTree = "<group>";
		};
		1E520B7729565B870084F77E /* Operations */ = {
			isa = PBXGroup;
			children = (
				1E520B7829565C250084F77E /* mimic.swift */,
			);
			path = Operations;
			sourceTree = "<group>";
		};
		1E6EF7E1292C779D00A6C84A = {
			isa = PBXGroup;
			children = (
				1E6EF7EC292C779D00A6C84A /* PaletteMimic */,
				1E6EF7EB292C779D00A6C84A /* Products */,
			);
			sourceTree = "<group>";
		};
		1E6EF7EB292C779D00A6C84A /* Products */ = {
			isa = PBXGroup;
			children = (
				1E6EF7EA292C779D00A6C84A /* PaletteMimic.app */,
			);
			name = Products;
			sourceTree = "<group>";
		};
		1E6EF7EC292C779D00A6C84A /* PaletteMimic */ = {
			isa = PBXGroup;
			children = (
				1E6EF802292C78C500A6C84A /* Views */,
				1E520B702954DB0F0084F77E /* ViewModels */,
				1E520B7729565B870084F77E /* Operations */,
				1E6EF7FB292C77E400A6C84A /* view-router */,
				1E6EF7ED292C779D00A6C84A /* PaletteMimicApp.swift */,
				1E6EF7F1292C779F00A6C84A /* Assets.xcassets */,
				1E6EF7F3292C779F00A6C84A /* Preview Content */,
				1E6EF809292C847A00A6C84A /* ImagePickerView.swift */,
				1E6EF80B292C8E0100A6C84A /* coordinator.swift */,
			);
			path = PaletteMimic;
			sourceTree = "<group>";
		};
		1E6EF7F3292C779F00A6C84A /* Preview Content */ = {
			isa = PBXGroup;
			children = (
				1E6EF7F4292C779F00A6C84A /* Preview Assets.xcassets */,
			);
			path = "Preview Content";
			sourceTree = "<group>";
		};
		1E6EF7FB292C77E400A6C84A /* view-router */ = {
			isa = PBXGroup;
			children = (
				1E6EF7FC292C780800A6C84A /* mom-view.swift */,
				1E6EF7FE292C784700A6C84A /* view-router.swift */,
				1E6EF800292C787600A6C84A /* view-router-helper.swift */,
			);
			path = "view-router";
			sourceTree = "<group>";
		};
		1E6EF802292C78C500A6C84A /* Views */ = {
			isa = PBXGroup;
			children = (
				1E6EF803292C791E00A6C84A /* pictureIntakeView.swift */,
				1E520B73295625A50084F77E /* finalImageModalView.swift */,
				1E6EF807292C7E6C00A6C84A /* introModalView.swift */,
				1E6EF80D292DC32700A6C84A /* ViewComponents */,
			);
			path = Views;
			sourceTree = "<group>";
		};
		1E6EF80D292DC32700A6C84A /* ViewComponents */ = {
			isa = PBXGroup;
			children = (
				1E7617D8292DC3CA00B930C4 /* selectedPhotoSubView.swift */,
				1E520B7529562CFF0084F77E /* finalPhotoSubView.swift */,
				1E520B7E298ACB170084F77E /* backgroundPaletteSubView.swift */,
				1E520B88299D55590084F77E /* progressTrackerSubView.swift */,
			);
			path = ViewComponents;
			sourceTree = "<group>";
		};
/* End PBXGroup section */

/* Begin PBXNativeTarget section */
		1E6EF7E9292C779D00A6C84A /* PaletteMimic */ = {
			isa = PBXNativeTarget;
			buildConfigurationList = 1E6EF7F8292C779F00A6C84A /* Build configuration list for PBXNativeTarget "PaletteMimic" */;
			buildPhases = (
				1E6EF7E6292C779D00A6C84A /* Sources */,
				1E6EF7E7292C779D00A6C84A /* Frameworks */,
				1E6EF7E8292C779D00A6C84A /* Resources */,
			);
			buildRules = (
			);
			dependencies = (
			);
			name = PaletteMimic;
			productName = PaletteMimic;
			productReference = 1E6EF7EA292C779D00A6C84A /* PaletteMimic.app */;
			productType = "com.apple.product-type.application";
		};
/* End PBXNativeTarget section */

/* Begin PBXProject section */
		1E6EF7E2292C779D00A6C84A /* Project object */ = {
			isa = PBXProject;
			attributes = {
				BuildIndependentTargetsInParallel = 1;
				LastSwiftUpdateCheck = 1340;
				LastUpgradeCheck = 1340;
				TargetAttributes = {
					1E6EF7E9292C779D00A6C84A = {
						CreatedOnToolsVersion = 13.4.1;
					};
				};
			};
			buildConfigurationList = 1E6EF7E5292C779D00A6C84A /* Build configuration list for PBXProject "PaletteMimic" */;
			compatibilityVersion = "Xcode 13.0";
			developmentRegion = en;
			hasScannedForEncodings = 0;
			knownRegions = (
				en,
				Base,
			);
			mainGroup = 1E6EF7E1292C779D00A6C84A;
			productRefGroup = 1E6EF7EB292C779D00A6C84A /* Products */;
			projectDirPath = "";
			projectRoot = "";
			targets = (
				1E6EF7E9292C779D00A6C84A /* PaletteMimic */,
			);
		};
/* End PBXProject section */

/* Begin PBXResourcesBuildPhase section */
		1E6EF7E8292C779D00A6C84A /* Resources */ = {
			isa = PBXResourcesBuildPhase;
			buildActionMask = 2147483647;
			files = (
				1E6EF7F5292C779F00A6C84A /* Preview Assets.xcassets in Resources */,
				1E6EF7F2292C779F00A6C84A /* Assets.xcassets in Resources */,
			);
			runOnlyForDeploymentPostprocessing = 0;
		};
/* End PBXResourcesBuildPhase section */

/* Begin PBXSourcesBuildPhase section */
		1E6EF7E6292C779D00A6C84A /* Sources */ = {
			isa = PBXSourcesBuildPhase;
			buildActionMask = 2147483647;
			files = (
				1E6EF804292C791E00A6C84A /* pictureIntakeView.swift in Sources */,
				1E520B7F298ACB170084F77E /* backgroundPaletteSubView.swift in Sources */,
				1E520B7929565C250084F77E /* mimic.swift in Sources */,
				1E520B74295625A50084F77E /* finalImageModalView.swift in Sources */,
				1E6EF808292C7E6C00A6C84A /* introModalView.swift in Sources */,
				1E520B89299D555A0084F77E /* progressTrackerSubView.swift in Sources */,
				1E6EF801292C787600A6C84A /* view-router-helper.swift in Sources */,
				1E6EF80A292C847A00A6C84A /* ImagePickerView.swift in Sources */,
				1E6EF7FF292C784700A6C84A /* view-router.swift in Sources */,
				1E6EF80C292C8E0100A6C84A /* coordinator.swift in Sources */,
				1E520B7629562CFF0084F77E /* finalPhotoSubView.swift in Sources */,
				1E7617D9292DC3CA00B930C4 /* selectedPhotoSubView.swift in Sources */,
				1E6EF7EE292C779D00A6C84A /* PaletteMimicApp.swift in Sources */,
				1E520B722954DB5D0084F77E /* pictureIntake-ViewModel.swift in Sources */,
				1E6EF7FD292C780800A6C84A /* mom-view.swift in Sources */,
			);
			runOnlyForDeploymentPostprocessing = 0;
		};
/* End PBXSourcesBuildPhase section */

/* Begin XCBuildConfiguration section */
		1E6EF7F6292C779F00A6C84A /* Debug */ = {
			isa = XCBuildConfiguration;
			buildSettings = {
				ALWAYS_SEARCH_USER_PATHS = NO;
				CLANG_ANALYZER_NONNULL = YES;
				CLANG_ANALYZER_NUMBER_OBJECT_CONVERSION = YES_AGGRESSIVE;
				CLANG_CXX_LANGUAGE_STANDARD = "gnu++17";
				CLANG_ENABLE_MODULES = YES;
				CLANG_ENABLE_OBJC_ARC = YES;
				CLANG_ENABLE_OBJC_WEAK = YES;
				CLANG_WARN_BLOCK_CAPTURE_AUTORELEASING = YES;
				CLANG_WARN_BOOL_CONVERSION = YES;
				CLANG_WARN_COMMA = YES;
				CLANG_WARN_CONSTANT_CONVERSION = YES;
				CLANG_WARN_DEPRECATED_OBJC_IMPLEMENTATIONS = YES;
				CLANG_WARN_DIRECT_OBJC_ISA_USAGE = YES_ERROR;
				CLANG_WARN_DOCUMENTATION_COMMENTS = YES;
				CLANG_WARN_EMPTY_BODY = YES;
				CLANG_WARN_ENUM_CONVERSION = YES;
				CLANG_WARN_INFINITE_RECURSION = YES;
				CLANG_WARN_INT_CONVERSION = YES;
				CLANG_WARN_NON_LITERAL_NULL_CONVERSION = YES;
				CLANG_WARN_OBJC_IMPLICIT_RETAIN_SELF = YES;
				CLANG_WARN_OBJC_LITERAL_CONVERSION = YES;
				CLANG_WARN_OBJC_ROOT_CLASS = YES_ERROR;
				CLANG_WARN_QUOTED_INCLUDE_IN_FRAMEWORK_HEADER = YES;
				CLANG_WARN_RANGE_LOOP_ANALYSIS = YES;
				CLANG_WARN_STRICT_PROTOTYPES = YES;
				CLANG_WARN_SUSPICIOUS_MOVE = YES;
				CLANG_WARN_UNGUARDED_AVAILABILITY = YES_AGGRESSIVE;
				CLANG_WARN_UNREACHABLE_CODE = YES;
				CLANG_WARN__DUPLICATE_METHOD_MATCH = YES;
				COPY_PHASE_STRIP = NO;
				DEBUG_INFORMATION_FORMAT = dwarf;
				ENABLE_STRICT_OBJC_MSGSEND = YES;
				ENABLE_TESTABILITY = YES;
				GCC_C_LANGUAGE_STANDARD = gnu11;
				GCC_DYNAMIC_NO_PIC = NO;
				GCC_NO_COMMON_BLOCKS = YES;
				GCC_OPTIMIZATION_LEVEL = 0;
				GCC_PREPROCESSOR_DEFINITIONS = (
					"DEBUG=1",
					"$(inherited)",
				);
				GCC_WARN_64_TO_32_BIT_CONVERSION = YES;
				GCC_WARN_ABOUT_RETURN_TYPE = YES_ERROR;
				GCC_WARN_UNDECLARED_SELECTOR = YES;
				GCC_WARN_UNINITIALIZED_AUTOS = YES_AGGRESSIVE;
				GCC_WARN_UNUSED_FUNCTION = YES;
				GCC_WARN_UNUSED_VARIABLE = YES;
				IPHONEOS_DEPLOYMENT_TARGET = 15.5;
				MTL_ENABLE_DEBUG_INFO = INCLUDE_SOURCE;
				MTL_FAST_MATH = YES;
				ONLY_ACTIVE_ARCH = YES;
				SDKROOT = iphoneos;
				SWIFT_ACTIVE_COMPILATION_CONDITIONS = DEBUG;
				SWIFT_OPTIMIZATION_LEVEL = "-Onone";
			};
			name = Debug;
		};
		1E6EF7F7292C779F00A6C84A /* Release */ = {
			isa = XCBuildConfiguration;
			buildSettings = {
				ALWAYS_SEARCH_USER_PATHS = NO;
				CLANG_ANALYZER_NONNULL = YES;
				CLANG_ANALYZER_NUMBER_OBJECT_CONVERSION = YES_AGGRESSIVE;
				CLANG_CXX_LANGUAGE_STANDARD = "gnu++17";
				CLANG_ENABLE_MODULES = YES;
				CLANG_ENABLE_OBJC_ARC = YES;
				CLANG_ENABLE_OBJC_WEAK = YES;
				CLANG_WARN_BLOCK_CAPTURE_AUTORELEASING = YES;
				CLANG_WARN_BOOL_CONVERSION = YES;
				CLANG_WARN_COMMA = YES;
				CLANG_WARN_CONSTANT_CONVERSION = YES;
				CLANG_WARN_DEPRECATED_OBJC_IMPLEMENTATIONS = YES;
				CLANG_WARN_DIRECT_OBJC_ISA_USAGE = YES_ERROR;
				CLANG_WARN_DOCUMENTATION_COMMENTS = YES;
				CLANG_WARN_EMPTY_BODY = YES;
				CLANG_WARN_ENUM_CONVERSION = YES;
				CLANG_WARN_INFINITE_RECURSION = YES;
				CLANG_WARN_INT_CONVERSION = YES;
				CLANG_WARN_NON_LITERAL_NULL_CONVERSION = YES;
				CLANG_WARN_OBJC_IMPLICIT_RETAIN_SELF = YES;
				CLANG_WARN_OBJC_LITERAL_CONVERSION = YES;
				CLANG_WARN_OBJC_ROOT_CLASS = YES_ERROR;
				CLANG_WARN_QUOTED_INCLUDE_IN_FRAMEWORK_HEADER = YES;
				CLANG_WARN_RANGE_LOOP_ANALYSIS = YES;
				CLANG_WARN_STRICT_PROTOTYPES = YES;
				CLANG_WARN_SUSPICIOUS_MOVE = YES;
				CLANG_WARN_UNGUARDED_AVAILABILITY = YES_AGGRESSIVE;
				CLANG_WARN_UNREACHABLE_CODE = YES;
				CLANG_WARN__DUPLICATE_METHOD_MATCH = YES;
				COPY_PHASE_STRIP = NO;
				DEBUG_INFORMATION_FORMAT = "dwarf-with-dsym";
				ENABLE_NS_ASSERTIONS = NO;
				ENABLE_STRICT_OBJC_MSGSEND = YES;
				GCC_C_LANGUAGE_STANDARD = gnu11;
				GCC_NO_COMMON_BLOCKS = YES;
				GCC_WARN_64_TO_32_BIT_CONVERSION = YES;
				GCC_WARN_ABOUT_RETURN_TYPE = YES_ERROR;
				GCC_WARN_UNDECLARED_SELECTOR = YES;
				GCC_WARN_UNINITIALIZED_AUTOS = YES_AGGRESSIVE;
				GCC_WARN_UNUSED_FUNCTION = YES;
				GCC_WARN_UNUSED_VARIABLE = YES;
				IPHONEOS_DEPLOYMENT_TARGET = 15.5;
				MTL_ENABLE_DEBUG_INFO = NO;
				MTL_FAST_MATH = YES;
				SDKROOT = iphoneos;
				SWIFT_COMPILATION_MODE = wholemodule;
				SWIFT_OPTIMIZATION_LEVEL = "-O";
				VALIDATE_PRODUCT = YES;
			};
			name = Release;
		};
		1E6EF7F9292C779F00A6C84A /* Debug */ = {
			isa = XCBuildConfiguration;
			buildSettings = {
				ASSETCATALOG_COMPILER_APPICON_NAME = AppIcon;
				ASSETCATALOG_COMPILER_GLOBAL_ACCENT_COLOR_NAME = AccentColor;
				CODE_SIGN_STYLE = Automatic;
				CURRENT_PROJECT_VERSION = 1;
				DEVELOPMENT_ASSET_PATHS = "\"PaletteMimic/Preview Content\"";
				DEVELOPMENT_TEAM = F96TJRTX3X;
				ENABLE_PREVIEWS = YES;
				GENERATE_INFOPLIST_FILE = YES;
				INFOPLIST_KEY_NSCameraUsageDescription = "PaletteMimic is requesting access to your camera";
				INFOPLIST_KEY_UIApplicationSceneManifest_Generation = YES;
				INFOPLIST_KEY_UIApplicationSupportsIndirectInputEvents = YES;
				INFOPLIST_KEY_UILaunchScreen_Generation = YES;
				INFOPLIST_KEY_UISupportedInterfaceOrientations_iPad = "UIInterfaceOrientationPortrait UIInterfaceOrientationPortraitUpsideDown UIInterfaceOrientationLandscapeLeft UIInterfaceOrientationLandscapeRight";
				INFOPLIST_KEY_UISupportedInterfaceOrientations_iPhone = "UIInterfaceOrientationPortrait UIInterfaceOrientationLandscapeLeft UIInterfaceOrientationLandscapeRight";
				LD_RUNPATH_SEARCH_PATHS = (
					"$(inherited)",
					"@executable_path/Frameworks",
				);
				MARKETING_VERSION = 1.0;
				PRODUCT_BUNDLE_IDENTIFIER = "Derek-Howes.PaletteMimic";
				PRODUCT_NAME = "$(TARGET_NAME)";
				SWIFT_EMIT_LOC_STRINGS = YES;
				SWIFT_VERSION = 5.0;
				TARGETED_DEVICE_FAMILY = "1,2";
			};
			name = Debug;
		};
		1E6EF7FA292C779F00A6C84A /* Release */ = {
			isa = XCBuildConfiguration;
			buildSettings = {
				ASSETCATALOG_COMPILER_APPICON_NAME = AppIcon;
				ASSETCATALOG_COMPILER_GLOBAL_ACCENT_COLOR_NAME = AccentColor;
				CODE_SIGN_STYLE = Automatic;
				CURRENT_PROJECT_VERSION = 1;
				DEVELOPMENT_ASSET_PATHS = "\"PaletteMimic/Preview Content\"";
				DEVELOPMENT_TEAM = F96TJRTX3X;
				ENABLE_PREVIEWS = YES;
				GENERATE_INFOPLIST_FILE = YES;
				INFOPLIST_KEY_NSCameraUsageDescription = "PaletteMimic is requesting access to your camera";
				INFOPLIST_KEY_UIApplicationSceneManifest_Generation = YES;
				INFOPLIST_KEY_UIApplicationSupportsIndirectInputEvents = YES;
				INFOPLIST_KEY_UILaunchScreen_Generation = YES;
				INFOPLIST_KEY_UISupportedInterfaceOrientations_iPad = "UIInterfaceOrientationPortrait UIInterfaceOrientationPortraitUpsideDown UIInterfaceOrientationLandscapeLeft UIInterfaceOrientationLandscapeRight";
				INFOPLIST_KEY_UISupportedInterfaceOrientations_iPhone = "UIInterfaceOrientationPortrait UIInterfaceOrientationLandscapeLeft UIInterfaceOrientationLandscapeRight";
				LD_RUNPATH_SEARCH_PATHS = (
					"$(inherited)",
					"@executable_path/Frameworks",
				);
				MARKETING_VERSION = 1.0;
				PRODUCT_BUNDLE_IDENTIFIER = "Derek-Howes.PaletteMimic";
				PRODUCT_NAME = "$(TARGET_NAME)";
				SWIFT_EMIT_LOC_STRINGS = YES;
				SWIFT_VERSION = 5.0;
				TARGETED_DEVICE_FAMILY = "1,2";
			};
			name = Release;
		};
/* End XCBuildConfiguration section */

/* Begin XCConfigurationList section */
		1E6EF7E5292C779D00A6C84A /* Build configuration list for PBXProject "PaletteMimic" */ = {
			isa = XCConfigurationList;
			buildConfigurations = (
				1E6EF7F6292C779F00A6C84A /* Debug */,
				1E6EF7F7292C779F00A6C84A /* Release */,
			);
			defaultConfigurationIsVisible = 0;
			defaultConfigurationName = Release;
		};
		1E6EF7F8292C779F00A6C84A /* Build configuration list for PBXNativeTarget "PaletteMimic" */ = {
			isa = XCConfigurationList;
			buildConfigurations = (
				1E6EF7F9292C779F00A6C84A /* Debug */,
				1E6EF7FA292C779F00A6C84A /* Release */,
			);
			defaultConfigurationIsVisible = 0;
			defaultConfigurationName = Release;
		};
/* End XCConfigurationList section */
	};
	rootObject = 1E6EF7E2292C779D00A6C84A /* Project object */;
}
